// !$*UTF8*$!
{
	archiveVersion = 1;
	classes = {
	};
	objectVersion = 46;
	objects = {

/* Begin PBXBuildFile section */
		1806C4541965303500F46D29 /* Foundation.framework in Frameworks */ = {isa = PBXBuildFile; fileRef = 1806C4531965303500F46D29 /* Foundation.framework */; };
		1806C4561965303500F46D29 /* CoreGraphics.framework in Frameworks */ = {isa = PBXBuildFile; fileRef = 1806C4551965303500F46D29 /* CoreGraphics.framework */; };
		1806C4581965303500F46D29 /* UIKit.framework in Frameworks */ = {isa = PBXBuildFile; fileRef = 1806C4571965303500F46D29 /* UIKit.framework */; };
		1806C45E1965303500F46D29 /* InfoPlist.strings in Resources */ = {isa = PBXBuildFile; fileRef = 1806C45C1965303500F46D29 /* InfoPlist.strings */; };
		1806C4601965303500F46D29 /* main.m in Sources */ = {isa = PBXBuildFile; fileRef = 1806C45F1965303500F46D29 /* main.m */; };
		1806C4641965303500F46D29 /* AppDelegate.m in Sources */ = {isa = PBXBuildFile; fileRef = 1806C4631965303500F46D29 /* AppDelegate.m */; };
		1806C4671965303500F46D29 /* Main.storyboard in Resources */ = {isa = PBXBuildFile; fileRef = 1806C4651965303500F46D29 /* Main.storyboard */; };
		1806C46A1965303500F46D29 /* ViewController.m in Sources */ = {isa = PBXBuildFile; fileRef = 1806C4691965303500F46D29 /* ViewController.m */; };
		1806C46C1965303500F46D29 /* Images.xcassets in Resources */ = {isa = PBXBuildFile; fileRef = 1806C46B1965303500F46D29 /* Images.xcassets */; };
		1806C4731965303500F46D29 /* XCTest.framework in Frameworks */ = {isa = PBXBuildFile; fileRef = 1806C4721965303500F46D29 /* XCTest.framework */; };
		1806C4741965303500F46D29 /* Foundation.framework in Frameworks */ = {isa = PBXBuildFile; fileRef = 1806C4531965303500F46D29 /* Foundation.framework */; };
		1806C4751965303500F46D29 /* UIKit.framework in Frameworks */ = {isa = PBXBuildFile; fileRef = 1806C4571965303500F46D29 /* UIKit.framework */; };
		1806C47D1965303500F46D29 /* InfoPlist.strings in Resources */ = {isa = PBXBuildFile; fileRef = 1806C47B1965303500F46D29 /* InfoPlist.strings */; };
		1806C47F1965303500F46D29 /* NoGitDemoTests.m in Sources */ = {isa = PBXBuildFile; fileRef = 1806C47E1965303500F46D29 /* NoGitDemoTests.m */; };
/* End PBXBuildFile section */

/* Begin PBXContainerItemProxy section */
		1806C4761965303500F46D29 /* PBXContainerItemProxy */ = {
			isa = PBXContainerItemProxy;
			containerPortal = 1806C4481965303500F46D29 /* Project object */;
			proxyType = 1;
			remoteGlobalIDString = 1806C44F1965303500F46D29;
			remoteInfo = NoGitDemo;
		};
/* End PBXContainerItemProxy section */

/* Begin PBXFileReference section */
		1806C4501965303500F46D29 /* NoGitDemo.app */ = {isa = PBXFileReference; explicitFileType = wrapper.application; includeInIndex = 0; path = NoGitDemo.app; sourceTree = BUILT_PRODUCTS_DIR; };
		1806C4531965303500F46D29 /* Foundation.framework */ = {isa = PBXFileReference; lastKnownFileType = wrapper.framework; name = Foundation.framework; path = System/Library/Frameworks/Foundation.framework; sourceTree = SDKROOT; };
		1806C4551965303500F46D29 /* CoreGraphics.framework */ = {isa = PBXFileReference; lastKnownFileType = wrapper.framework; name = CoreGraphics.framework; path = System/Library/Frameworks/CoreGraphics.framework; sourceTree = SDKROOT; };
		1806C4571965303500F46D29 /* UIKit.framework */ = {isa = PBXFileReference; lastKnownFileType = wrapper.framework; name = UIKit.framework; path = System/Library/Frameworks/UIKit.framework; sourceTree = SDKROOT; };
		1806C45B1965303500F46D29 /* NoGitDemo-Info.plist */ = {isa = PBXFileReference; lastKnownFileType = text.plist.xml; path = "NoGitDemo-Info.plist"; sourceTree = "<group>"; };
		1806C45D1965303500F46D29 /* en */ = {isa = PBXFileReference; lastKnownFileType = text.plist.strings; name = en; path = en.lproj/InfoPlist.strings; sourceTree = "<group>"; };
		1806C45F1965303500F46D29 /* main.m */ = {isa = PBXFileReference; lastKnownFileType = sourcecode.c.objc; path = main.m; sourceTree = "<group>"; };
		1806C4611965303500F46D29 /* NoGitDemo-Prefix.pch */ = {isa = PBXFileReference; lastKnownFileType = sourcecode.c.h; path = "NoGitDemo-Prefix.pch"; sourceTree = "<group>"; };
		1806C4621965303500F46D29 /* AppDelegate.h */ = {isa = PBXFileReference; lastKnownFileType = sourcecode.c.h; path = AppDelegate.h; sourceTree = "<group>"; };
		1806C4631965303500F46D29 /* AppDelegate.m */ = {isa = PBXFileReference; lastKnownFileType = sourcecode.c.objc; path = AppDelegate.m; sourceTree = "<group>"; };
		1806C4661965303500F46D29 /* Base */ = {isa = PBXFileReference; lastKnownFileType = file.storyboard; name = Base; path = Base.lproj/Main.storyboard; sourceTree = "<group>"; };
		1806C4681965303500F46D29 /* ViewController.h */ = {isa = PBXFileReference; lastKnownFileType = sourcecode.c.h; path = ViewController.h; sourceTree = "<group>"; };
		1806C4691965303500F46D29 /* ViewController.m */ = {isa = PBXFileReference; lastKnownFileType = sourcecode.c.objc; path = ViewController.m; sourceTree = "<group>"; };
		1806C46B1965303500F46D29 /* Images.xcassets */ = {isa = PBXFileReference; lastKnownFileType = folder.assetcatalog; path = Images.xcassets; sourceTree = "<group>"; };
		1806C4711965303500F46D29 /* NoGitDemoTests.xctest */ = {isa = PBXFileReference; explicitFileType = wrapper.cfbundle; includeInIndex = 0; path = NoGitDemoTests.xctest; sourceTree = BUILT_PRODUCTS_DIR; };
		1806C4721965303500F46D29 /* XCTest.framework */ = {isa = PBXFileReference; lastKnownFileType = wrapper.framework; name = XCTest.framework; path = Library/Frameworks/XCTest.framework; sourceTree = DEVELOPER_DIR; };
		1806C47A1965303500F46D29 /* NoGitDemoTests-Info.plist */ = {isa = PBXFileReference; lastKnownFileType = text.plist.xml; path = "NoGitDemoTests-Info.plist"; sourceTree = "<group>"; };
		1806C47C1965303500F46D29 /* en */ = {isa = PBXFileReference; lastKnownFileType = text.plist.strings; name = en; path = en.lproj/InfoPlist.strings; sourceTree = "<group>"; };
		1806C47E1965303500F46D29 /* NoGitDemoTests.m */ = {isa = PBXFileReference; lastKnownFileType = sourcecode.c.objc; path = NoGitDemoTests.m; sourceTree = "<group>"; };
/* End PBXFileReference section */

/* Begin PBXFrameworksBuildPhase section */
		1806C44D1965303500F46D29 /* Frameworks */ = {
			isa = PBXFrameworksBuildPhase;
			buildActionMask = 2147483647;
			files = (
				1806C4561965303500F46D29 /* CoreGraphics.framework in Frameworks */,
				1806C4581965303500F46D29 /* UIKit.framework in Frameworks */,
				1806C4541965303500F46D29 /* Foundation.framework in Frameworks */,
			);
			runOnlyForDeploymentPostprocessing = 0;
		};
		1806C46E1965303500F46D29 /* Frameworks */ = {
			isa = PBXFrameworksBuildPhase;
			buildActionMask = 2147483647;
			files = (
				1806C4731965303500F46D29 /* XCTest.framework in Frameworks */,
				1806C4751965303500F46D29 /* UIKit.framework in Frameworks */,
				1806C4741965303500F46D29 /* Foundation.framework in Frameworks */,
			);
			runOnlyForDeploymentPostprocessing = 0;
		};
/* End PBXFrameworksBuildPhase section */

/* Begin PBXGroup section */
		1806C4471965303500F46D29 = {
			isa = PBXGroup;
			children = (
				1806C4591965303500F46D29 /* NoGitDemo */,
				1806C4781965303500F46D29 /* NoGitDemoTests */,
				1806C4521965303500F46D29 /* Frameworks */,
				1806C4511965303500F46D29 /* Products */,
			);
			sourceTree = "<group>";
		};
		1806C4511965303500F46D29 /* Products */ = {
			isa = PBXGroup;
			children = (
				1806C4501965303500F46D29 /* NoGitDemo.app */,
				1806C4711965303500F46D29 /* NoGitDemoTests.xctest */,
			);
			name = Products;
			sourceTree = "<group>";
		};
		1806C4521965303500F46D29 /* Frameworks */ = {
			isa = PBXGroup;
			children = (
				1806C4531965303500F46D29 /* Foundation.framework */,
				1806C4551965303500F46D29 /* CoreGraphics.framework */,
				1806C4571965303500F46D29 /* UIKit.framework */,
				1806C4721965303500F46D29 /* XCTest.framework */,
			);
			name = Frameworks;
			sourceTree = "<group>";
		};
		1806C4591965303500F46D29 /* NoGitDemo */ = {
			isa = PBXGroup;
			children = (
				1806C4621965303500F46D29 /* AppDelegate.h */,
				1806C4631965303500F46D29 /* AppDelegate.m */,
				1806C4651965303500F46D29 /* Main.storyboard */,
				1806C4681965303500F46D29 /* ViewController.h */,
				1806C4691965303500F46D29 /* ViewController.m */,
				1806C46B1965303500F46D29 /* Images.xcassets */,
				1806C45A1965303500F46D29 /* Supporting Files */,
			);
			path = NoGitDemo;
			sourceTree = "<group>";
		};
		1806C45A1965303500F46D29 /* Supporting Files */ = {
			isa = PBXGroup;
			children = (
				1806C45B1965303500F46D29 /* NoGitDemo-Info.plist */,
				1806C45C1965303500F46D29 /* InfoPlist.strings */,
				1806C45F1965303500F46D29 /* main.m */,
				1806C4611965303500F46D29 /* NoGitDemo-Prefix.pch */,
			);
			name = "Supporting Files";
			sourceTree = "<group>";
		};
		1806C4781965303500F46D29 /* NoGitDemoTests */ = {
			isa = PBXGroup;
			children = (
				1806C47E1965303500F46D29 /* NoGitDemoTests.m */,
				1806C4791965303500F46D29 /* Supporting Files */,
			);
			path = NoGitDemoTests;
			sourceTree = "<group>";
		};
		1806C4791965303500F46D29 /* Supporting Files */ = {
			isa = PBXGroup;
			children = (
				1806C47A1965303500F46D29 /* NoGitDemoTests-Info.plist */,
				1806C47B1965303500F46D29 /* InfoPlist.strings */,
			);
			name = "Supporting Files";
			sourceTree = "<group>";
		};
/* End PBXGroup section */

/* Begin PBXNativeTarget section */
		1806C44F1965303500F46D29 /* NoGitDemo */ = {
			isa = PBXNativeTarget;
			buildConfigurationList = 1806C4821965303500F46D29 /* Build configuration list for PBXNativeTarget "NoGitDemo" */;
			buildPhases = (
				1806C44C1965303500F46D29 /* Sources */,
				1806C44D1965303500F46D29 /* Frameworks */,
				1806C44E1965303500F46D29 /* Resources */,
			);
			buildRules = (
			);
			dependencies = (
			);
			name = NoGitDemo;
			productName = NoGitDemo;
			productReference = 1806C4501965303500F46D29 /* NoGitDemo.app */;
			productType = "com.apple.product-type.application";
		};
		1806C4701965303500F46D29 /* NoGitDemoTests */ = {
			isa = PBXNativeTarget;
			buildConfigurationList = 1806C4851965303500F46D29 /* Build configuration list for PBXNativeTarget "NoGitDemoTests" */;
			buildPhases = (
				1806C46D1965303500F46D29 /* Sources */,
				1806C46E1965303500F46D29 /* Frameworks */,
				1806C46F1965303500F46D29 /* Resources */,
			);
			buildRules = (
			);
			dependencies = (
				1806C4771965303500F46D29 /* PBXTargetDependency */,
			);
			name = NoGitDemoTests;
			productName = NoGitDemoTests;
			productReference = 1806C4711965303500F46D29 /* NoGitDemoTests.xctest */;
			productType = "com.apple.product-type.bundle.unit-test";
		};
/* End PBXNativeTarget section */

/* Begin PBXProject section */
		1806C4481965303500F46D29 /* Project object */ = {
			isa = PBXProject;
			attributes = {
				LastUpgradeCheck = 0510;
				ORGANIZATIONNAME = com.fedor;
				TargetAttributes = {
					1806C4701965303500F46D29 = {
						TestTargetID = 1806C44F1965303500F46D29;
					};
				};
			};
			buildConfigurationList = 1806C44B1965303500F46D29 /* Build configuration list for PBXProject "NoGitDemo" */;
			compatibilityVersion = "Xcode 3.2";
			developmentRegion = English;
			hasScannedForEncodings = 0;
			knownRegions = (
				en,
				Base,
			);
			mainGroup = 1806C4471965303500F46D29;
			productRefGroup = 1806C4511965303500F46D29 /* Products */;
			projectDirPath = "";
			projectRoot = "";
			targets = (
				1806C44F1965303500F46D29 /* NoGitDemo */,
				1806C4701965303500F46D29 /* NoGitDemoTests */,
			);
		};
/* End PBXProject section */

/* Begin PBXResourcesBuildPhase section */
		1806C44E1965303500F46D29 /* Resources */ = {
			isa = PBXResourcesBuildPhase;
			buildActionMask = 2147483647;
			files = (
				1806C46C1965303500F46D29 /* Images.xcassets in Resources */,
				1806C45E1965303500F46D29 /* InfoPlist.strings in Resources */,
				1806C4671965303500F46D29 /* Main.storyboard in Resources */,
			);
			runOnlyForDeploymentPostprocessing = 0;
		};
		1806C46F1965303500F46D29 /* Resources */ = {
			isa = PBXResourcesBuildPhase;
			buildActionMask = 2147483647;
			files = (
				1806C47D1965303500F46D29 /* InfoPlist.strings in Resources */,
			);
			runOnlyForDeploymentPostprocessing = 0;
		};
/* End PBXResourcesBuildPhase section */

/* Begin PBXSourcesBuildPhase section */
		1806C44C1965303500F46D29 /* Sources */ = {
			isa = PBXSourcesBuildPhase;
			buildActionMask = 2147483647;
			files = (
				1806C46A1965303500F46D29 /* ViewController.m in Sources */,
				1806C4641965303500F46D29 /* AppDelegate.m in Sources */,
				1806C4601965303500F46D29 /* main.m in Sources */,
			);
			runOnlyForDeploymentPostprocessing = 0;
		};
		1806C46D1965303500F46D29 /* Sources */ = {
			isa = PBXSourcesBuildPhase;
			buildActionMask = 2147483647;
			files = (
				1806C47F1965303500F46D29 /* NoGitDemoTests.m in Sources */,
			);
			runOnlyForDeploymentPostprocessing = 0;
		};
/* End PBXSourcesBuildPhase section */

/* Begin PBXTargetDependency section */
		1806C4771965303500F46D29 /* PBXTargetDependency */ = {
			isa = PBXTargetDependency;
			target = 1806C44F1965303500F46D29 /* NoGitDemo */;
			targetProxy = 1806C4761965303500F46D29 /* PBXContainerItemProxy */;
		};
/* End PBXTargetDependency section */

/* Begin PBXVariantGroup section */
		1806C45C1965303500F46D29 /* InfoPlist.strings */ = {
			isa = PBXVariantGroup;
			children = (
				1806C45D1965303500F46D29 /* en */,
			);
			name = InfoPlist.strings;
			sourceTree = "<group>";
		};
		1806C4651965303500F46D29 /* Main.storyboard */ = {
			isa = PBXVariantGroup;
			children = (
				1806C4661965303500F46D29 /* Base */,
			);
			name = Main.storyboard;
			sourceTree = "<group>";
		};
		1806C47B1965303500F46D29 /* InfoPlist.strings */ = {
			isa = PBXVariantGroup;
			children = (
				1806C47C1965303500F46D29 /* en */,
			);
			name = InfoPlist.strings;
			sourceTree = "<group>";
		};
/* End PBXVariantGroup section */

/* Begin XCBuildConfiguration section */
		1806C4801965303500F46D29 /* Debug */ = {
			isa = XCBuildConfiguration;
			buildSettings = {
				ALWAYS_SEARCH_USER_PATHS = NO;
				CLANG_CXX_LANGUAGE_STANDARD = "gnu++0x";
				CLANG_CXX_LIBRARY = "libc++";
				CLANG_ENABLE_MODULES = YES;
				CLANG_ENABLE_OBJC_ARC = YES;
				CLANG_WARN_BOOL_CONVERSION = YES;
				CLANG_WARN_CONSTANT_CONVERSION = YES;
				CLANG_WARN_DIRECT_OBJC_ISA_USAGE = YES_ERROR;
				CLANG_WARN_EMPTY_BODY = YES;
				CLANG_WARN_ENUM_CONVERSION = YES;
				CLANG_WARN_INT_CONVERSION = YES;
				CLANG_WARN_OBJC_ROOT_CLASS = YES_ERROR;
				CLANG_WARN__DUPLICATE_METHOD_MATCH = YES;
				"CODE_SIGN_IDENTITY[sdk=iphoneos*]" = "iPhone Developer";
				COPY_PHASE_STRIP = NO;
				GCC_C_LANGUAGE_STANDARD = gnu99;
				GCC_DYNAMIC_NO_PIC = NO;
				GCC_OPTIMIZATION_LEVEL = 0;
				GCC_PREPROCESSOR_DEFINITIONS = (
					"DEBUG=1",
					"$(inherited)",
				);
				GCC_SYMBOLS_PRIVATE_EXTERN = NO;
				GCC_WARN_64_TO_32_BIT_CONVERSION = YES;
				GCC_WARN_ABOUT_RETURN_TYPE = YES_ERROR;
				GCC_WARN_UNDECLARED_SELECTOR = YES;
				GCC_WARN_UNINITIALIZED_AUTOS = YES_AGGRESSIVE;
				GCC_WARN_UNUSED_FUNCTION = YES;
				GCC_WARN_UNUSED_VARIABLE = YES;
				IPHONEOS_DEPLOYMENT_TARGET = 7.1;
				ONLY_ACTIVE_ARCH = YES;
				SDKROOT = iphoneos;
			};
			name = Debug;
		};
		1806C4811965303500F46D29 /* Release */ = {
			isa = XCBuildConfiguration;
			buildSettings = {
				ALWAYS_SEARCH_USER_PATHS = NO;
				CLANG_CXX_LANGUAGE_STANDARD = "gnu++0x";
				CLANG_CXX_LIBRARY = "libc++";
				CLANG_ENABLE_MODULES = YES;
				CLANG_ENABLE_OBJC_ARC = YES;
				CLANG_WARN_BOOL_CONVERSION = YES;
				CLANG_WARN_CONSTANT_CONVERSION = YES;
				CLANG_WARN_DIRECT_OBJC_ISA_USAGE = YES_ERROR;
				CLANG_WARN_EMPTY_BODY = YES;
				CLANG_WARN_ENUM_CONVERSION = YES;
				CLANG_WARN_INT_CONVERSION = YES;
				CLANG_WARN_OBJC_ROOT_CLASS = YES_ERROR;
				CLANG_WARN__DUPLICATE_METHOD_MATCH = YES;
				"CODE_SIGN_IDENTITY[sdk=iphoneos*]" = "iPhone Developer";
				COPY_PHASE_STRIP = YES;
				ENABLE_NS_ASSERTIONS = NO;
				GCC_C_LANGUAGE_STANDARD = gnu99;
				GCC_WARN_64_TO_32_BIT_CONVERSION = YES;
				GCC_WARN_ABOUT_RETURN_TYPE = YES_ERROR;
				GCC_WARN_UNDECLARED_SELECTOR = YES;
				GCC_WARN_UNINITIALIZED_AUTOS = YES_AGGRESSIVE;
				GCC_WARN_UNUSED_FUNCTION = YES;
				GCC_WARN_UNUSED_VARIABLE = YES;
				IPHONEOS_DEPLOYMENT_TARGET = 7.1;
				SDKROOT = iphoneos;
				VALIDATE_PRODUCT = YES;
			};
			name = Release;
		};
		1806C4831965303500F46D29 /* Debug */ = {
			isa = XCBuildConfiguration;
			buildSettings = {
				ASSETCATALOG_COMPILER_APPICON_NAME = AppIcon;
				ASSETCATALOG_COMPILER_LAUNCHIMAGE_NAME = LaunchImage;
				GCC_PRECOMPILE_PREFIX_HEADER = YES;
				GCC_PREFIX_HEADER = "NoGitDemo/NoGitDemo-Prefix.pch";
				INFOPLIST_FILE = "NoGitDemo/NoGitDemo-Info.plist";
				PRODUCT_NAME = "$(TARGET_NAME)";
				WRAPPER_EXTENSION = app;
			};
			name = Debug;
		};
		1806C4841965303500F46D29 /* Release */ = {
			isa = XCBuildConfiguration;
			buildSettings = {
				ASSETCATALOG_COMPILER_APPICON_NAME = AppIcon;
				ASSETCATALOG_COMPILER_LAUNCHIMAGE_NAME = LaunchImage;
				GCC_PRECOMPILE_PREFIX_HEADER = YES;
				GCC_PREFIX_HEADER = "NoGitDemo/NoGitDemo-Prefix.pch";
				INFOPLIST_FILE = "NoGitDemo/NoGitDemo-Info.plist";
				PRODUCT_NAME = "$(TARGET_NAME)";
				WRAPPER_EXTENSION = app;
			};
			name = Release;
		};
		1806C4861965303500F46D29 /* Debug */ = {
			isa = XCBuildConfiguration;
			buildSettings = {
				BUNDLE_LOADER = "$(BUILT_PRODUCTS_DIR)/NoGitDemo.app/NoGitDemo";
				FRAMEWORK_SEARCH_PATHS = (
					"$(SDKROOT)/Developer/Library/Frameworks",
					"$(inherited)",
					"$(DEVELOPER_FRAMEWORKS_DIR)",
				);
				GCC_PRECOMPILE_PREFIX_HEADER = YES;
				GCC_PREFIX_HEADER = "NoGitDemo/NoGitDemo-Prefix.pch";
				GCC_PREPROCESSOR_DEFINITIONS = (
					"DEBUG=1",
					"$(inherited)",
				);
				INFOPLIST_FILE = "NoGitDemoTests/NoGitDemoTests-Info.plist";
				PRODUCT_NAME = "$(TARGET_NAME)";
				TEST_HOST = "$(BUNDLE_LOADER)";
				WRAPPER_EXTENSION = xctest;
			};
			name = Debug;
		};
		1806C4871965303500F46D29 /* Release */ = {
			isa = XCBuildConfiguration;
			buildSettings = {
				BUNDLE_LOADER = "$(BUILT_PRODUCTS_DIR)/NoGitDemo.app/NoGitDemo";
				FRAMEWORK_SEARCH_PATHS = (
					"$(SDKROOT)/Developer/Library/Frameworks",
					"$(inherited)",
					"$(DEVELOPER_FRAMEWORKS_DIR)",
				);
				GCC_PRECOMPILE_PREFIX_HEADER = YES;
				GCC_PREFIX_HEADER = "NoGitDemo/NoGitDemo-Prefix.pch";
				INFOPLIST_FILE = "NoGitDemoTests/NoGitDemoTests-Info.plist";
				PRODUCT_NAME = "$(TARGET_NAME)";
				TEST_HOST = "$(BUNDLE_LOADER)";
				WRAPPER_EXTENSION = xctest;
			};
			name = Release;
		};
/* End XCBuildConfiguration section */

/* Begin XCConfigurationList section */
		1806C44B1965303500F46D29 /* Build configuration list for PBXProject "NoGitDemo" */ = {
			isa = XCConfigurationList;
			buildConfigurations = (
				1806C4801965303500F46D29 /* Debug */,
				1806C4811965303500F46D29 /* Release */,
			);
			defaultConfigurationIsVisible = 0;
			defaultConfigurationName = Release;
		};
		1806C4821965303500F46D29 /* Build configuration list for PBXNativeTarget "NoGitDemo" */ = {
			isa = XCConfigurationList;
			buildConfigurations = (
				1806C4831965303500F46D29 /* Debug */,
				1806C4841965303500F46D29 /* Release */,
			);
			defaultConfigurationIsVisible = 0;
		};
		1806C4851965303500F46D29 /* Build configuration list for PBXNativeTarget "NoGitDemoTests" */ = {
			isa = XCConfigurationList;
			buildConfigurations = (
				1806C4861965303500F46D29 /* Debug */,
				1806C4871965303500F46D29 /* Release */,
			);
			defaultConfigurationIsVisible = 0;
		};
/* End XCConfigurationList section */
	};
	rootObject = 1806C4481965303500F46D29 /* Project object */;
}
